
Microsoft Visual Studio Solution File, Format Version 12.00
# Visual Studio Version 17
VisualStudioVersion = 17.8.34408.163
MinimumVisualStudioVersion = 10.0.40219.1
Project("{9A19103F-16F7-4668-BE54-9A1E7A4F7556}") = "TraversalCoreProje", "TraversalCoreProje\TraversalCoreProje.csproj", "{927650EB-487C-40B9-BB14-D87728B30D08}"
EndProject
Project("{9A19103F-16F7-4668-BE54-9A1E7A4F7556}") = "Entity", "Entity\Entity.csproj", "{95E287D8-9322-4D4F-BE28-0127C65D0037}"
EndProject
Project("{9A19103F-16F7-4668-BE54-9A1E7A4F7556}") = "Business", "Business\Business.csproj", "{08EC130E-4219-4425-945D-33947CEBB83F}"
EndProject
Project("{9A19103F-16F7-4668-BE54-9A1E7A4F7556}") = "DataAccess", "DataAccess\DataAccess.csproj", "{FD76339F-F98C-41AB-9BCC-B7ACF10B4A0E}"
EndProject
Project("{FAE04EC0-301F-11D3-BF4B-00C04F79EFBC}") = "Core", "Core\Core.csproj", "{3CFB22E4-A596-4A96-BAD6-645ADFE31C77}"
EndProject
Global
	GlobalSection(SolutionConfigurationPlatforms) = preSolution
		Debug|Any CPU = Debug|Any CPU
		Release|Any CPU = Release|Any CPU
	EndGlobalSection
	GlobalSection(ProjectConfigurationPlatforms) = postSolution
		{927650EB-487C-40B9-BB14-D87728B30D08}.Debug|Any CPU.ActiveCfg = Debug|Any CPU
		{927650EB-487C-40B9-BB14-D87728B30D08}.Debug|Any CPU.Build.0 = Debug|Any CPU
		{927650EB-487C-40B9-BB14-D87728B30D08}.Release|Any CPU.ActiveCfg = Release|Any CPU
		{927650EB-487C-40B9-BB14-D87728B30D08}.Release|Any CPU.Build.0 = Release|Any CPU
		{95E287D8-9322-4D4F-BE28-0127C65D0037}.Debug|Any CPU.ActiveCfg = Debug|Any CPU
		{95E287D8-9322-4D4F-BE28-0127C65D0037}.Debug|Any CPU.Build.0 = Debug|Any CPU
		{95E287D8-9322-4D4F-BE28-0127C65D0037}.Release|Any CPU.ActiveCfg = Release|Any CPU
		{95E287D8-9322-4D4F-BE28-0127C65D0037}.Release|Any CPU.Build.0 = Release|Any CPU
		{08EC130E-4219-4425-945D-33947CEBB83F}.Debug|Any CPU.ActiveCfg = Debug|Any CPU
		{08EC130E-4219-4425-945D-33947CEBB83F}.Debug|Any CPU.Build.0 = Debug|Any CPU
		{08EC130E-4219-4425-945D-33947CEBB83F}.Release|Any CPU.ActiveCfg = Release|Any CPU
		{08EC130E-4219-4425-945D-33947CEBB83F}.Release|Any CPU.Build.0 = Release|Any CPU
		{FD76339F-F98C-41AB-9BCC-B7ACF10B4A0E}.Debug|Any CPU.ActiveCfg = Debug|Any CPU
		{FD76339F-F98C-41AB-9BCC-B7ACF10B4A0E}.Debug|Any CPU.Build.0 = Debug|Any CPU
		{FD76339F-F98C-41AB-9BCC-B7ACF10B4A0E}.Release|Any CPU.ActiveCfg = Release|Any CPU
		{FD76339F-F98C-41AB-9BCC-B7ACF10B4A0E}.Release|Any CPU.Build.0 = Release|Any CPU
		{3CFB22E4-A596-4A96-BAD6-645ADFE31C77}.Debug|Any CPU.ActiveCfg = Debug|Any CPU
		{3CFB22E4-A596-4A96-BAD6-645ADFE31C77}.Debug|Any CPU.Build.0 = Debug|Any CPU
		{3CFB22E4-A596-4A96-BAD6-645ADFE31C77}.Release|Any CPU.ActiveCfg = Release|Any CPU
		{3CFB22E4-A596-4A96-BAD6-645ADFE31C77}.Release|Any CPU.Build.0 = Release|Any CPU
	EndGlobalSection
	GlobalSection(SolutionProperties) = preSolution
		HideSolutionNode = FALSE
	EndGlobalSection
	GlobalSection(ExtensibilityGlobals) = postSolution
		SolutionGuid = {01036924-9A69-4C27-8A6C-F088E261E81E}
	EndGlobalSection
EndGlobal
